
Microsoft Visual Studio Solution File, Format Version 12.00
# Visual Studio Version 16
VisualStudioVersion = 16.0.29009.5
MinimumVisualStudioVersion = 10.0.40219.1
Project("{FAE04EC0-301F-11D3-BF4B-00C04F79EFBC}") = "XMLUsporedivanjeLINQ", "XMLUsporedivanjeLINQ\XMLUsporedivanjeLINQ.csproj", "{D6783700-3683-4CC4-A97E-6A010655A7F4}"
EndProject
Global
	GlobalSection(SolutionConfigurationPlatforms) = preSolution
		Debug|Any CPU = Debug|Any CPU
		Release|Any CPU = Release|Any CPU
	EndGlobalSection
	GlobalSection(ProjectConfigurationPlatforms) = postSolution
		{D6783700-3683-4CC4-A97E-6A010655A7F4}.Debug|Any CPU.ActiveCfg = Debug|Any CPU
		{D6783700-3683-4CC4-A97E-6A010655A7F4}.Debug|Any CPU.Build.0 = Debug|Any CPU
		{D6783700-3683-4CC4-A97E-6A010655A7F4}.Release|Any CPU.ActiveCfg = Release|Any CPU
		{D6783700-3683-4CC4-A97E-6A010655A7F4}.Release|Any CPU.Build.0 = Release|Any CPU
	EndGlobalSection
	GlobalSection(SolutionProperties) = preSolution
		HideSolutionNode = FALSE
	EndGlobalSection
	GlobalSection(ExtensibilityGlobals) = postSolution
		SolutionGuid = {5DCA5EFD-C4A4-4531-8C09-64707DEB2422}
	EndGlobalSection
EndGlobal
